# THIS IS AN AUTOGENERATED FILE. DO NOT EDIT THIS FILE DIRECTLY.
# yarn lockfile v1


"@mswjs/interceptors@0.27.2":
  version "0.27.2"
  resolved "https://registry.yarnpkg.com/@mswjs/interceptors/-/interceptors-0.27.2.tgz#220df9a48fdfdc61b7e0519ad51ab07967941324"
  integrity sha512-mE6PhwcoW70EX8+h+Y/4dLfHk33GFt/y5PzDJz56ktMyaVGFXMJ5BYLbUjdmGEABfE0x5GgAGyKbrbkYww2s3A==
  dependencies:
    "@open-draft/deferred-promise" "^2.2.0"
    "@open-draft/logger" "^0.3.0"
    "@open-draft/until" "^2.0.0"
    is-node-process "^1.2.0"
    outvariant "^1.2.1"
    strict-event-emitter "^0.5.1"

"@netlify/functions@^2.6.3":
  version "2.6.3"
  resolved "https://registry.yarnpkg.com/@netlify/functions/-/functions-2.6.3.tgz#1d7aa3da289b5519369cda7abd0e6244963d8cba"
  integrity sha512-7Z9gWyAuPI2NnBOvpYPD66KIWOgNznLz9BkyZ0c7qeRE6p23UCMVZ2VsrJpjPDgoJtKplGSBzASl6fQD7iEeWw==
  dependencies:
    "@netlify/serverless-functions-api" "1.18.0"

"@netlify/node-cookies@^0.1.0":
  version "0.1.0"
  resolved "https://registry.yarnpkg.com/@netlify/node-cookies/-/node-cookies-0.1.0.tgz#dda912ba618527695cf519fafa221c5e6777c612"
  integrity sha512-OAs1xG+FfLX0LoRASpqzVntVV/RpYkgpI0VrUnw2u0Q1qiZUzcPffxRK8HF3gc4GjuhG5ahOEMJ9bswBiZPq0g==

"@netlify/plugin-nextjs@^5.2.2":
  version "5.2.2"
  resolved "https://registry.yarnpkg.com/@netlify/plugin-nextjs/-/plugin-nextjs-5.2.2.tgz#3c283d335001f9e0fbcb4db75557e5fe1660db72"
  integrity sha512-jV/P7o8+v1XaEGb7wvFfkF1fSLggAxjg7WYoBPkD3R93bsI6xmCDKBcUJ/6g7lqECRXt4dGKApSFtGk/pUmAHw==

"@netlify/serverless-functions-api@1.18.0":
  version "1.18.0"
  resolved "https://registry.yarnpkg.com/@netlify/serverless-functions-api/-/serverless-functions-api-1.18.0.tgz#83542c0ec29602e55871744e1539ad761b7fd308"
  integrity sha512-VCU5btoGZ8M6iI7HSwpfZXCpBLKWFmRtq5xYt0K7dY96BZWVBmaZY6Tn+w4L2DrGXwAsIeOFNp8CHjVXfuCAkg==
  dependencies:
    "@mswjs/interceptors" "0.27.2"
    "@netlify/node-cookies" "^0.1.0"
    "@opentelemetry/core" "^1.23.0"
    "@opentelemetry/otlp-transformer" "^0.50.0"
    "@opentelemetry/resources" "^1.23.0"
    "@opentelemetry/sdk-trace-base" "^1.23.0"
    "@opentelemetry/semantic-conventions" "^1.23.0"
    urlpattern-polyfill "8.0.2"

"@next/env@14.2.3":
  version "14.2.3"
  resolved "https://registry.yarnpkg.com/@next/env/-/env-14.2.3.tgz#d6def29d1c763c0afb397343a15a82e7d92353a0"
  integrity sha512-W7fd7IbkfmeeY2gXrzJYDx8D2lWKbVoTIj1o1ScPHNzvp30s1AuoEFSdr39bC5sjxJaxTtq3OTCZboNp0lNWHA==

"@next/swc-darwin-arm64@14.2.3":
  version "14.2.3"
  resolved "https://registry.yarnpkg.com/@next/swc-darwin-arm64/-/swc-darwin-arm64-14.2.3.tgz#db1a05eb88c0224089b815ad10ac128ec79c2cdb"
  integrity sha512-3pEYo/RaGqPP0YzwnlmPN2puaF2WMLM3apt5jLW2fFdXD9+pqcoTzRk+iZsf8ta7+quAe4Q6Ms0nR0SFGFdS1A==

"@next/swc-darwin-x64@14.2.3":
  version "14.2.3"
  resolved "https://registry.yarnpkg.com/@next/swc-darwin-x64/-/swc-darwin-x64-14.2.3.tgz#a3f8af05b5f9a52ac3082e66ac29e125ab1d7b9c"
  integrity sha512-6adp7waE6P1TYFSXpY366xwsOnEXM+y1kgRpjSRVI2CBDOcbRjsJ67Z6EgKIqWIue52d2q/Mx8g9MszARj8IEA==

"@next/swc-linux-arm64-gnu@14.2.3":
  version "14.2.3"
  resolved "https://registry.yarnpkg.com/@next/swc-linux-arm64-gnu/-/swc-linux-arm64-gnu-14.2.3.tgz#4e63f43879285b52554bfd39e6e0cc78a9b27bbf"
  integrity sha512-cuzCE/1G0ZSnTAHJPUT1rPgQx1w5tzSX7POXSLaS7w2nIUJUD+e25QoXD/hMfxbsT9rslEXugWypJMILBj/QsA==

"@next/swc-linux-arm64-musl@14.2.3":
  version "14.2.3"
  resolved "https://registry.yarnpkg.com/@next/swc-linux-arm64-musl/-/swc-linux-arm64-musl-14.2.3.tgz#ebdaed26214448b1e6f2c3e8b3cd29bfba387990"
  integrity sha512-0D4/oMM2Y9Ta3nGuCcQN8jjJjmDPYpHX9OJzqk42NZGJocU2MqhBq5tWkJrUQOQY9N+In9xOdymzapM09GeiZw==

"@next/swc-linux-x64-gnu@14.2.3":
  version "14.2.3"
  resolved "https://registry.yarnpkg.com/@next/swc-linux-x64-gnu/-/swc-linux-x64-gnu-14.2.3.tgz#19e3bcc137c3b582a1ab867106817e5c90a20593"
  integrity sha512-ENPiNnBNDInBLyUU5ii8PMQh+4XLr4pG51tOp6aJ9xqFQ2iRI6IH0Ds2yJkAzNV1CfyagcyzPfROMViS2wOZ9w==

"@next/swc-linux-x64-musl@14.2.3":
  version "14.2.3"
  resolved "https://registry.yarnpkg.com/@next/swc-linux-x64-musl/-/swc-linux-x64-musl-14.2.3.tgz#794a539b98e064169cf0ff7741b2a4fb16adec7d"
  integrity sha512-BTAbq0LnCbF5MtoM7I/9UeUu/8ZBY0i8SFjUMCbPDOLv+un67e2JgyN4pmgfXBwy/I+RHu8q+k+MCkDN6P9ViQ==

"@next/swc-win32-arm64-msvc@14.2.3":
  version "14.2.3"
  resolved "https://registry.yarnpkg.com/@next/swc-win32-arm64-msvc/-/swc-win32-arm64-msvc-14.2.3.tgz#eda9fa0fbf1ff9113e87ac2668ee67ce9e5add5a"
  integrity sha512-AEHIw/dhAMLNFJFJIJIyOFDzrzI5bAjI9J26gbO5xhAKHYTZ9Or04BesFPXiAYXDNdrwTP2dQceYA4dL1geu8A==

"@next/swc-win32-ia32-msvc@14.2.3":
  version "14.2.3"
  resolved "https://registry.yarnpkg.com/@next/swc-win32-ia32-msvc/-/swc-win32-ia32-msvc-14.2.3.tgz#7c1190e3f640ab16580c6bdbd7d0e766b9920457"
  integrity sha512-vga40n1q6aYb0CLrM+eEmisfKCR45ixQYXuBXxOOmmoV8sYST9k7E3US32FsY+CkkF7NtzdcebiFT4CHuMSyZw==

"@next/swc-win32-x64-msvc@14.2.3":
  version "14.2.3"
  resolved "https://registry.yarnpkg.com/@next/swc-win32-x64-msvc/-/swc-win32-x64-msvc-14.2.3.tgz#2be4e39ee25bfbd85be78eea17c0e7751dc4323c"
  integrity sha512-Q1/zm43RWynxrO7lW4ehciQVj+5ePBhOK+/K2P7pLFX3JaJ/IZVC69SHidrmZSOkqz7ECIOhhy7XhAFG4JYyHA==

"@open-draft/deferred-promise@^2.2.0":
  version "2.2.0"
  resolved "https://registry.yarnpkg.com/@open-draft/deferred-promise/-/deferred-promise-2.2.0.tgz#4a822d10f6f0e316be4d67b4d4f8c9a124b073bd"
  integrity sha512-CecwLWx3rhxVQF6V4bAgPS5t+So2sTbPgAzafKkVizyi7tlwpcFpdFqq+wqF2OwNBmqFuu6tOyouTuxgpMfzmA==

"@open-draft/logger@^0.3.0":
  version "0.3.0"
  resolved "https://registry.yarnpkg.com/@open-draft/logger/-/logger-0.3.0.tgz#2b3ab1242b360aa0adb28b85f5d7da1c133a0954"
  integrity sha512-X2g45fzhxH238HKO4xbSr7+wBS8Fvw6ixhTDuvLd5mqh6bJJCFAPwU9mPDxbcrRtfxv4u5IHCEH77BmxvXmmxQ==
  dependencies:
    is-node-process "^1.2.0"
    outvariant "^1.4.0"

"@open-draft/until@^2.0.0":
  version "2.1.0"
  resolved "https://registry.yarnpkg.com/@open-draft/until/-/until-2.1.0.tgz#0acf32f470af2ceaf47f095cdecd40d68666efda"
  integrity sha512-U69T3ItWHvLwGg5eJ0n3I62nWuE6ilHlmz7zM0npLBRvPRd7e6NYmg54vvRtP5mZG7kZqZCFVdsTWo7BPtBujg==

"@opentelemetry/api-logs@0.50.0":
  version "0.50.0"
  resolved "https://registry.yarnpkg.com/@opentelemetry/api-logs/-/api-logs-0.50.0.tgz#d46b76daab0bc18fa92dcdabacfc106c380d19a1"
  integrity sha512-JdZuKrhOYggqOpUljAq4WWNi5nB10PmgoF0y2CvedLGXd0kSawb/UBnWT8gg1ND3bHCNHStAIVT0ELlxJJRqrA==
  dependencies:
    "@opentelemetry/api" "^1.0.0"

"@opentelemetry/api@^1.0.0":
  version "1.8.0"
  resolved "https://registry.yarnpkg.com/@opentelemetry/api/-/api-1.8.0.tgz#5aa7abb48f23f693068ed2999ae627d2f7d902ec"
  integrity sha512-I/s6F7yKUDdtMsoBWXJe8Qz40Tui5vsuKCWJEWVL+5q9sSWRzzx6v2KeNsOBEwd94j0eWkpWCH4yB6rZg9Mf0w==

"@opentelemetry/core@1.23.0":
  version "1.23.0"
  resolved "https://registry.yarnpkg.com/@opentelemetry/core/-/core-1.23.0.tgz#f2e7ada7f35750f3c1674aef1e52c879005c0731"
  integrity sha512-hdQ/a9TMzMQF/BO8Cz1juA43/L5YGtCSiKoOHmrTEf7VMDAZgy8ucpWx3eQTnQ3gBloRcWtzvcrMZABC3PTSKQ==
  dependencies:
    "@opentelemetry/semantic-conventions" "1.23.0"

"@opentelemetry/core@1.24.1", "@opentelemetry/core@^1.23.0":
  version "1.24.1"
  resolved "https://registry.yarnpkg.com/@opentelemetry/core/-/core-1.24.1.tgz#35ab9d2ac9ca938e0ffbdfa40c49c169ac8ba80d"
  integrity sha512-wMSGfsdmibI88K9wB498zXY04yThPexo8jvwNNlm542HZB7XrrMRBbAyKJqG8qDRJwIBdBrPMi4V9ZPW/sqrcg==
  dependencies:
    "@opentelemetry/semantic-conventions" "1.24.1"

"@opentelemetry/otlp-transformer@^0.50.0":
  version "0.50.0"
  resolved "https://registry.yarnpkg.com/@opentelemetry/otlp-transformer/-/otlp-transformer-0.50.0.tgz#211fe512fcce9d76042680f955336dbde3be03ef"
  integrity sha512-s0sl1Yfqd5q1Kjrf6DqXPWzErL+XHhrXOfejh4Vc/SMTNqC902xDsC8JQxbjuramWt/+hibfguIvi7Ns8VLolA==
  dependencies:
    "@opentelemetry/api-logs" "0.50.0"
    "@opentelemetry/core" "1.23.0"
    "@opentelemetry/resources" "1.23.0"
    "@opentelemetry/sdk-logs" "0.50.0"
    "@opentelemetry/sdk-metrics" "1.23.0"
    "@opentelemetry/sdk-trace-base" "1.23.0"

"@opentelemetry/resources@1.23.0":
  version "1.23.0"
  resolved "https://registry.yarnpkg.com/@opentelemetry/resources/-/resources-1.23.0.tgz#4c71430f3e20c4d88b67ef5629759fae108485e5"
  integrity sha512-iPRLfVfcEQynYGo7e4Di+ti+YQTAY0h5mQEUJcHlU9JOqpb4x965O6PZ+wMcwYVY63G96KtdS86YCM1BF1vQZg==
  dependencies:
    "@opentelemetry/core" "1.23.0"
    "@opentelemetry/semantic-conventions" "1.23.0"

"@opentelemetry/resources@1.24.1", "@opentelemetry/resources@^1.23.0":
  version "1.24.1"
  resolved "https://registry.yarnpkg.com/@opentelemetry/resources/-/resources-1.24.1.tgz#5e2cb84814824f3b1e1017e6caeeee8402e0ad6e"
  integrity sha512-cyv0MwAaPF7O86x5hk3NNgenMObeejZFLJJDVuSeSMIsknlsj3oOZzRv3qSzlwYomXsICfBeFFlxwHQte5mGXQ==
  dependencies:
    "@opentelemetry/core" "1.24.1"
    "@opentelemetry/semantic-conventions" "1.24.1"

"@opentelemetry/sdk-logs@0.50.0":
  version "0.50.0"
  resolved "https://registry.yarnpkg.com/@opentelemetry/sdk-logs/-/sdk-logs-0.50.0.tgz#6636492cf626a9666f61d91025e25243d1a43bfc"
  integrity sha512-PeUEupBB29p9nlPNqXoa1PUWNLsZnxG0DCDj3sHqzae+8y76B/A5hvZjg03ulWdnvBLYpnJslqzylG9E0IL87g==
  dependencies:
    "@opentelemetry/core" "1.23.0"
    "@opentelemetry/resources" "1.23.0"

"@opentelemetry/sdk-metrics@1.23.0":
  version "1.23.0"
  resolved "https://registry.yarnpkg.com/@opentelemetry/sdk-metrics/-/sdk-metrics-1.23.0.tgz#b4cf3cc86b6dedf5c438c67c829df7399bf64be1"
  integrity sha512-4OkvW6+wST4h6LFG23rXSTf6nmTf201h9dzq7bE0z5R9ESEVLERZz6WXwE7PSgg1gdjlaznm1jLJf8GttypFDg==
  dependencies:
    "@opentelemetry/core" "1.23.0"
    "@opentelemetry/resources" "1.23.0"
    lodash.merge "^4.6.2"

"@opentelemetry/sdk-trace-base@1.23.0":
  version "1.23.0"
  resolved "https://registry.yarnpkg.com/@opentelemetry/sdk-trace-base/-/sdk-trace-base-1.23.0.tgz#ff0a0f8ec47205e0b14b3b765ea2a34de1ad01dd"
  integrity sha512-PzBmZM8hBomUqvCddF/5Olyyviayka44O5nDWq673np3ctnvwMOvNrsUORZjKja1zJbwEuD9niAGbnVrz3jwRQ==
  dependencies:
    "@opentelemetry/core" "1.23.0"
    "@opentelemetry/resources" "1.23.0"
    "@opentelemetry/semantic-conventions" "1.23.0"

"@opentelemetry/sdk-trace-base@^1.23.0":
  version "1.24.1"
  resolved "https://registry.yarnpkg.com/@opentelemetry/sdk-trace-base/-/sdk-trace-base-1.24.1.tgz#dc2ab89126e75e442913fb5af98803fde67b2536"
  integrity sha512-zz+N423IcySgjihl2NfjBf0qw1RWe11XIAWVrTNOSSI6dtSPJiVom2zipFB2AEEtJWpv0Iz6DY6+TjnyTV5pWg==
  dependencies:
    "@opentelemetry/core" "1.24.1"
    "@opentelemetry/resources" "1.24.1"
    "@opentelemetry/semantic-conventions" "1.24.1"

"@opentelemetry/semantic-conventions@1.23.0":
  version "1.23.0"
  resolved "https://registry.yarnpkg.com/@opentelemetry/semantic-conventions/-/semantic-conventions-1.23.0.tgz#627f2721b960fe586b7f72a07912cb7699f06eef"
  integrity sha512-MiqFvfOzfR31t8cc74CTP1OZfz7MbqpAnLCra8NqQoaHJX6ncIRTdYOQYBDQ2uFISDq0WY8Y9dDTWvsgzzBYRg==

"@opentelemetry/semantic-conventions@1.24.1", "@opentelemetry/semantic-conventions@^1.23.0":
  version "1.24.1"
  resolved "https://registry.yarnpkg.com/@opentelemetry/semantic-conventions/-/semantic-conventions-1.24.1.tgz#d4bcebda1cb5146d47a2a53daaa7922f8e084dfb"
  integrity sha512-VkliWlS4/+GHLLW7J/rVBA00uXus1SWvwFvcUDxDwmFxYfg/2VI6ekwdXS28cjI8Qz2ky2BzG8OUHo+WeYIWqw==

"@swc/counter@^0.1.3":
  version "0.1.3"
  resolved "https://registry.yarnpkg.com/@swc/counter/-/counter-0.1.3.tgz#cc7463bd02949611c6329596fccd2b0ec782b0e9"
  integrity sha512-e2BR4lsJkkRlKZ/qCHPw9ZaSxc0MVUd7gtbtaB7aMvHeJVYe8sOB8DBZkP2DtISHGSku9sCK6T6cnY0CtXrOCQ==

"@swc/helpers@0.5.5":
  version "0.5.5"
  resolved "https://registry.yarnpkg.com/@swc/helpers/-/helpers-0.5.5.tgz#12689df71bfc9b21c4f4ca00ae55f2f16c8b77c0"
  integrity sha512-KGYxvIOXcceOAbEk4bi/dVLEK9z8sZ0uBB3Il5b1rhfClSpcX0yfRO0KmTkqR2cnQDymwLB+25ZyMzICg/cm/A==
  dependencies:
    "@swc/counter" "^0.1.3"
    tslib "^2.4.0"

busboy@1.6.0:
  version "1.6.0"
  resolved "https://registry.yarnpkg.com/busboy/-/busboy-1.6.0.tgz#966ea36a9502e43cdb9146962523b92f531f6893"
  integrity sha512-8SFQbg/0hQ9xy3UNTB0YEnsNBbWfhf7RtnzpL7TkBiTBRfrQ9Fxcnz7VJsleJpyp6rVLvXiuORqjlHi5q+PYuA==
  dependencies:
    streamsearch "^1.1.0"

caniuse-lite@^1.0.30001579:
  version "1.0.30001616"
  resolved "https://registry.yarnpkg.com/caniuse-lite/-/caniuse-lite-1.0.30001616.tgz#4342712750d35f71ebba9fcac65e2cf8870013c3"
  integrity sha512-RHVYKov7IcdNjVHJFNY/78RdG4oGVjbayxv8u5IO74Wv7Hlq4PnJE6mo/OjFijjVFNy5ijnCt6H3IIo4t+wfEw==

client-only@0.0.1:
  version "0.0.1"
  resolved "https://registry.yarnpkg.com/client-only/-/client-only-0.0.1.tgz#38bba5d403c41ab150bff64a95c85013cf73bca1"
  integrity sha512-IV3Ou0jSMzZrd3pZ48nLkT9DA7Ag1pnPzaiQhpW7c3RbcqqzvzzVu+L8gfqMp/8IM2MQtSiqaCxrrcfu8I8rMA==

graceful-fs@^4.2.11:
  version "4.2.11"
  resolved "https://registry.yarnpkg.com/graceful-fs/-/graceful-fs-4.2.11.tgz#4183e4e8bf08bb6e05bbb2f7d2e0c8f712ca40e3"
  integrity sha512-RbJ5/jmFcNNCcDV5o9eTnBLJ/HszWV0P73bc+Ff4nS/rJj+YaS6IGyiOL0VoBYX+l1Wrl3k63h/KrH+nhJ0XvQ==

is-node-process@^1.2.0:
  version "1.2.0"
  resolved "https://registry.yarnpkg.com/is-node-process/-/is-node-process-1.2.0.tgz#ea02a1b90ddb3934a19aea414e88edef7e11d134"
  integrity sha512-Vg4o6/fqPxIjtxgUH5QLJhwZ7gW5diGCVlXpuUfELC62CuxM1iHcRe51f2W1FDy04Ai4KJkagKjx3XaqyfRKXw==

"js-tokens@^3.0.0 || ^4.0.0":
  version "4.0.0"
  resolved "https://registry.yarnpkg.com/js-tokens/-/js-tokens-4.0.0.tgz#19203fb59991df98e3a287050d4647cdeaf32499"
  integrity sha512-RdJUflcE3cUzKiMqQgsCu06FPu9UdIJO0beYbPhHN4k6apgJtifcoCtT9bcxOpYBtpD2kCM6Sbzg4CausW/PKQ==

lodash.merge@^4.6.2:
  version "4.6.2"
  resolved "https://registry.yarnpkg.com/lodash.merge/-/lodash.merge-4.6.2.tgz#558aa53b43b661e1925a0afdfa36a9a1085fe57a"
  integrity sha512-0KpjqXRVvrYyCsX1swR/XTK0va6VQkQM6MNo7PqW77ByjAhoARA8EfrP1N4+KlKj8YS0ZUCtRT/YUuhyYDujIQ==

loose-envify@^1.1.0:
  version "1.4.0"
  resolved "https://registry.yarnpkg.com/loose-envify/-/loose-envify-1.4.0.tgz#71ee51fa7be4caec1a63839f7e682d8132d30caf"
  integrity sha512-lyuxPGr/Wfhrlem2CL/UcnUc1zcqKAImBDzukY7Y5F/yQiNdko6+fRLevlw1HgMySw7f611UIY408EtxRSoK3Q==
  dependencies:
    js-tokens "^3.0.0 || ^4.0.0"

nanoid@^3.3.6:
  version "3.3.7"
  resolved "https://registry.yarnpkg.com/nanoid/-/nanoid-3.3.7.tgz#d0c301a691bc8d54efa0a2226ccf3fe2fd656bd8"
  integrity sha512-eSRppjcPIatRIMC1U6UngP8XFcz8MQWGQdt1MTBQ7NaAmvXDfvNxbvWV3x2y6CdEUciCSsDHDQZbhYaB8QEo2g==

next@^14.2.0:
  version "14.2.3"
  resolved "https://registry.yarnpkg.com/next/-/next-14.2.3.tgz#f117dd5d5f20c307e7b8e4f9c1c97d961008925d"
  integrity sha512-dowFkFTR8v79NPJO4QsBUtxv0g9BrS/phluVpMAt2ku7H+cbcBJlopXjkWlwxrk/xGqMemr7JkGPGemPrLLX7A==
  dependencies:
    "@next/env" "14.2.3"
    "@swc/helpers" "0.5.5"
    busboy "1.6.0"
    caniuse-lite "^1.0.30001579"
    graceful-fs "^4.2.11"
    postcss "8.4.31"
    styled-jsx "5.1.1"
  optionalDependencies:
    "@next/swc-darwin-arm64" "14.2.3"
    "@next/swc-darwin-x64" "14.2.3"
    "@next/swc-linux-arm64-gnu" "14.2.3"
    "@next/swc-linux-arm64-musl" "14.2.3"
    "@next/swc-linux-x64-gnu" "14.2.3"
    "@next/swc-linux-x64-musl" "14.2.3"
    "@next/swc-win32-arm64-msvc" "14.2.3"
    "@next/swc-win32-ia32-msvc" "14.2.3"
    "@next/swc-win32-x64-msvc" "14.2.3"

outvariant@^1.2.1, outvariant@^1.4.0:
  version "1.4.2"
  resolved "https://registry.yarnpkg.com/outvariant/-/outvariant-1.4.2.tgz#f54f19240eeb7f15b28263d5147405752d8e2066"
  integrity sha512-Ou3dJ6bA/UJ5GVHxah4LnqDwZRwAmWxrG3wtrHrbGnP4RnLCtA64A4F+ae7Y8ww660JaddSoArUR5HjipWSHAQ==

picocolors@^1.0.0:
  version "1.0.0"
  resolved "https://registry.yarnpkg.com/picocolors/-/picocolors-1.0.0.tgz#cb5bdc74ff3f51892236eaf79d68bc44564ab81c"
  integrity sha512-1fygroTLlHu66zi26VoTDv8yRgm0Fccecssto+MhsZ0D/DGW2sm8E8AjW7NU5VVTRt5GxbeZ5qBuJr+HyLYkjQ==

postcss@8.4.31:
  version "8.4.31"
  resolved "https://registry.yarnpkg.com/postcss/-/postcss-8.4.31.tgz#92b451050a9f914da6755af352bdc0192508656d"
  integrity sha512-PS08Iboia9mts/2ygV3eLpY5ghnUcfLV/EXTOW1E2qYxJKGGBUtNjN76FYHnMs36RmARn41bC0AZmn+rR0OVpQ==
  dependencies:
    nanoid "^3.3.6"
    picocolors "^1.0.0"
    source-map-js "^1.0.2"

react-dom@^18.2.0:
  version "18.3.1"
  resolved "https://registry.yarnpkg.com/react-dom/-/react-dom-18.3.1.tgz#c2265d79511b57d479b3dd3fdfa51536494c5cb4"
  integrity sha512-5m4nQKp+rZRb09LNH59GM4BxTh9251/ylbKIbpe7TpGxfJ+9kv6BLkLBXIjjspbgbnIBNqlI23tRnTWT0snUIw==
  dependencies:
    loose-envify "^1.1.0"
    scheduler "^0.23.2"

react@^18.2.0:
  version "18.3.1"
  resolved "https://registry.yarnpkg.com/react/-/react-18.3.1.tgz#49ab892009c53933625bd16b2533fc754cab2891"
  integrity sha512-wS+hAgJShR0KhEvPJArfuPVN1+Hz1t0Y6n5jLrGQbkb4urgPE/0Rve+1kMB1v/oWgHgm4WIcV+i7F2pTVj+2iQ==
  dependencies:
    loose-envify "^1.1.0"

scheduler@^0.23.2:
  version "0.23.2"
  resolved "https://registry.yarnpkg.com/scheduler/-/scheduler-0.23.2.tgz#414ba64a3b282892e944cf2108ecc078d115cdc3"
  integrity sha512-UOShsPwz7NrMUqhR6t0hWjFduvOzbtv7toDH1/hIrfRNIDBnnBWd0CwJTGvTpngVlmwGCdP9/Zl/tVrDqcuYzQ==
  dependencies:
    loose-envify "^1.1.0"

source-map-js@^1.0.2:
  version "1.2.0"
  resolved "https://registry.yarnpkg.com/source-map-js/-/source-map-js-1.2.0.tgz#16b809c162517b5b8c3e7dcd315a2a5c2612b2af"
  integrity sha512-itJW8lvSA0TXEphiRoawsCksnlf8SyvmFzIhltqAHluXd88pkCd+cXJVHTDwdCr0IzwptSm035IHQktUu1QUMg==

streamsearch@^1.1.0:
  version "1.1.0"
  resolved "https://registry.yarnpkg.com/streamsearch/-/streamsearch-1.1.0.tgz#404dd1e2247ca94af554e841a8ef0eaa238da764"
  integrity sha512-Mcc5wHehp9aXz1ax6bZUyY5afg9u2rv5cqQI3mRrYkGC8rW2hM02jWuwjtL++LS5qinSyhj2QfLyNsuc+VsExg==

strict-event-emitter@^0.5.1:
  version "0.5.1"
  resolved "https://registry.yarnpkg.com/strict-event-emitter/-/strict-event-emitter-0.5.1.tgz#1602ece81c51574ca39c6815e09f1a3e8550bd93"
  integrity sha512-vMgjE/GGEPEFnhFub6pa4FmJBRBVOLpIII2hvCZ8Kzb7K0hlHo7mQv6xYrBvCL2LtAIBwFUK8wvuJgTVSQ5MFQ==

styled-jsx@5.1.1:
  version "5.1.1"
  resolved "https://registry.yarnpkg.com/styled-jsx/-/styled-jsx-5.1.1.tgz#839a1c3aaacc4e735fed0781b8619ea5d0009d1f"
  integrity sha512-pW7uC1l4mBZ8ugbiZrcIsiIvVx1UmTfw7UkC3Um2tmfUq9Bhk8IiyEIPl6F8agHgjzku6j0xQEZbfA5uSgSaCw==
  dependencies:
    client-only "0.0.1"

tslib@^2.4.0:
  version "2.6.2"
  resolved "https://registry.yarnpkg.com/tslib/-/tslib-2.6.2.tgz#703ac29425e7b37cd6fd456e92404d46d1f3e4ae"
  integrity sha512-AEYxH93jGFPn/a2iVAwW87VuUIkR1FVUKB77NwMF7nBTDkDrrT/Hpt/IrCJ0QXhW27jTBDcf5ZY7w6RiqTMw2Q==

urlpattern-polyfill@8.0.2:
  version "8.0.2"
  resolved "https://registry.yarnpkg.com/urlpattern-polyfill/-/urlpattern-polyfill-8.0.2.tgz#99f096e35eff8bf4b5a2aa7d58a1523d6ebc7ce5"
  integrity sha512-Qp95D4TPJl1kC9SKigDcqgyM2VDVO4RiJc2d4qe5GrYm+zbIQCWWKAFaJNQ4BhdFeDGwBmAxqJBwWSJDb9T3BQ==
